{
    "_meta": {
        "hash": {
            "sha256": "e9e2b6cd3db03e3bd405638260e201cf434b3a50ce00f47e183efbb919f064ff"
        },
        "pipfile-spec": 6,
        "requires": {
            "python_version": "3.10"
        },
        "sources": [
            {
                "name": "pypi",
                "url": "https://pypi.org/simple",
                "verify_ssl": true
            }
        ]
    },
    "default": {
        "tomli": {
            "hashes": [
                "sha256:939de3e7a6161af0c887ef91b7d41a53e7c5a1ca976325f429cb46ea9bc30ecc",
                "sha256:de526c12914f0c550d15924c62d72abc48d6fe7364aa87328337a31007fe8a4f"
            ],
            "index": "pypi",
            "version": "==2.0.1"
        },
        "tomli-w": {
            "hashes": [
                "sha256:9f2a07e8be30a0729e533ec968016807069991ae2fd921a78d42f429ae5f4463",
                "sha256:f463434305e0336248cac9c2dc8076b707d8a12d019dd349f5c1e382dd1ae1b9"
            ],
            "index": "pypi",
            "version": "==1.0.0"
        }
    },
    "develop": {}
}
